
Microsoft Visual Studio Solution File, Format Version 12.00
# Visual Studio Version 17
VisualStudioVersion = 17.0.31903.59
MinimumVisualStudioVersion = 10.0.40219.1
Project("{9A19103F-16F7-4668-BE54-9A1E7A4F7556}") = "EFCoreInheritance.Web", "src\EFCoreInheritance.Web\EFCoreInheritance.Web.csproj", "{F37502F1-FB77-4349-AF16-81D5FEE6563B}"
EndProject
Project("{9A19103F-16F7-4668-BE54-9A1E7A4F7556}") = "EFCoreInheritance.Persistence.TablePerHierarchy", "src\EFCoreInheritance.Persistence.TablePerHierarchy\EFCoreInheritance.Persistence.TablePerHierarchy.csproj", "{4E0FD963-85BA-4BB1-94B6-DB5CD0A5533E}"
EndProject
Project("{9A19103F-16F7-4668-BE54-9A1E7A4F7556}") = "EFCoreInheritance.Persistence.TablePerType", "src\EFCoreInheritance.Persistence.TablePerType\EFCoreInheritance.Persistence.TablePerType.csproj", "{87EE9675-19F6-4748-AB8F-4A7446E8CC8D}"
EndProject
Global
	GlobalSection(SolutionConfigurationPlatforms) = preSolution
		Debug|Any CPU = Debug|Any CPU
		Release|Any CPU = Release|Any CPU
	EndGlobalSection
	GlobalSection(ProjectConfigurationPlatforms) = postSolution
		{F37502F1-FB77-4349-AF16-81D5FEE6563B}.Debug|Any CPU.ActiveCfg = Debug|Any CPU
		{F37502F1-FB77-4349-AF16-81D5FEE6563B}.Debug|Any CPU.Build.0 = Debug|Any CPU
		{F37502F1-FB77-4349-AF16-81D5FEE6563B}.Release|Any CPU.ActiveCfg = Release|Any CPU
		{F37502F1-FB77-4349-AF16-81D5FEE6563B}.Release|Any CPU.Build.0 = Release|Any CPU
		{4E0FD963-85BA-4BB1-94B6-DB5CD0A5533E}.Debug|Any CPU.ActiveCfg = Debug|Any CPU
		{4E0FD963-85BA-4BB1-94B6-DB5CD0A5533E}.Debug|Any CPU.Build.0 = Debug|Any CPU
		{4E0FD963-85BA-4BB1-94B6-DB5CD0A5533E}.Release|Any CPU.ActiveCfg = Release|Any CPU
		{4E0FD963-85BA-4BB1-94B6-DB5CD0A5533E}.Release|Any CPU.Build.0 = Release|Any CPU
		{87EE9675-19F6-4748-AB8F-4A7446E8CC8D}.Debug|Any CPU.ActiveCfg = Debug|Any CPU
		{87EE9675-19F6-4748-AB8F-4A7446E8CC8D}.Debug|Any CPU.Build.0 = Debug|Any CPU
		{87EE9675-19F6-4748-AB8F-4A7446E8CC8D}.Release|Any CPU.ActiveCfg = Release|Any CPU
		{87EE9675-19F6-4748-AB8F-4A7446E8CC8D}.Release|Any CPU.Build.0 = Release|Any CPU
	EndGlobalSection
	GlobalSection(SolutionProperties) = preSolution
		HideSolutionNode = FALSE
	EndGlobalSection
	GlobalSection(ExtensibilityGlobals) = postSolution
		SolutionGuid = {A0E3FDB1-3B61-425E-8102-7A9214403E1D}
	EndGlobalSection
EndGlobal
